# THIS IS AN AUTOGENERATED FILE. DO NOT EDIT THIS FILE DIRECTLY.
# yarn lockfile v1


"@types/node@^14.11.5":
  version "14.11.5"
  resolved "https://registry.yarnpkg.com/@types/node/-/node-14.11.5.tgz#fecad41c041cae7f2404ad4b2d0742fdb628b305"
  integrity sha512-jVFzDV6NTbrLMxm4xDSIW/gKnk8rQLF9wAzLWIOg+5nU6ACrIMndeBdXci0FGtqJbP9tQvm6V39eshc96TO2wQ==

"promise-nodeify@>= 0.1":
  version "3.0.1"
  resolved "https://registry.yarnpkg.com/promise-nodeify/-/promise-nodeify-3.0.1.tgz#f0f5d9720ee9ec71dd2bfa92667be504c10229c2"
  integrity sha512-ghsSuzZXJX8iO7WVec2z7GI+Xk/EyiD+JZK7AZKhUqYfpLa/Zs4ylUD+CwwnKlG6G3HnkUPMAi6PO7zeqGKssg==

"proxying-agent@>= 2.1":
  version "2.4.0"
  resolved "https://registry.yarnpkg.com/proxying-agent/-/proxying-agent-2.4.0.tgz#6796549fc46bf3423554440f64a4449220f9014d"
  integrity sha512-b9vDqIcViJZVsWPpQlp9Py74u+Wqd0a+kMkkg7zX58mwNtrNbOChNlRTM7lUrlpiwNzyJCV8+5D8rnZYLDFh7Q==

tinify@^1.6.0-beta.2:
  version "1.6.0-beta.2"
  resolved "https://registry.yarnpkg.com/tinify/-/tinify-1.6.0-beta.2.tgz#5985ca021d11685d846c53ac8465dce78116adfe"
  integrity sha512-jzOtntNLiRRhMN5AlRlxapUhNYVH3YhU2cfk3Xg2u5g+t4ZfdXe97TqYvIl7cyenfXmqo5SCZet7t4alv53XvQ==
  dependencies:
    promise-nodeify ">= 0.1"
    proxying-agent ">= 2.1"

typescript@^4.0.3:
  version "4.0.3"
  resolved "https://registry.yarnpkg.com/typescript/-/typescript-4.0.3.tgz#153bbd468ef07725c1df9c77e8b453f8d36abba5"
  integrity sha512-tEu6DGxGgRJPb/mVPIZ48e69xCn2yRmCgYmDugAVwmJ6o+0u1RI18eO7E7WBTLYLaEVVOhwQmcdhQHweux/WPg==
